# THIS IS AN AUTOGENERATED FILE. DO NOT EDIT THIS FILE DIRECTLY.
# yarn lockfile v1


"@workpop/graphql-metrics@^0.0.5":
  version "0.0.5"
  resolved "https://registry.yarnpkg.com/@workpop/graphql-metrics/-/graphql-metrics-0.0.5.tgz#71d4b549b56350a2909c1c94f0b4adea13c180b9"
  dependencies:
    "@workpop/simple-logger" "^1.0.0"
    babel-runtime "6.x.x"
    influx "^5.0.7"
    lodash "^4.17.4"

"@workpop/graphql-metrics@^0.3.0":
  version "0.3.0"
  resolved "https://registry.yarnpkg.com/@workpop/graphql-metrics/-/graphql-metrics-0.3.0.tgz#014409ec895aedf84b1e459b28281f083dfd73df"
  dependencies:
    "@workpop/graphql-resolver-utils" "^0.2.0"
    "@workpop/simple-logger" "^1.0.0"
    influx "^5.0.7"

"@workpop/graphql-resolver-utils@^0.2.0":
  version "0.2.0"
  resolved "https://registry.yarnpkg.com/@workpop/graphql-resolver-utils/-/graphql-resolver-utils-0.2.0.tgz#9d650f5aa99b62f3e2aa9bbc00d42fd55b45534f"
  dependencies:
    "@workpop/graphql-metrics" "^0.0.5"
    "@workpop/simple-logger" "^1.0.0"

"@workpop/simple-logger@^1.0.0":
  version "1.0.0"
  resolved "https://registry.yarnpkg.com/@workpop/simple-logger/-/simple-logger-1.0.0.tgz#9ffd9ec15288b0ed015ae33e3b95b6da255482a2"
  dependencies:
    lodash "^4.17.4"
    moment "^2.18.1"

"@workpop/simple-logger@^1.1.0":
  version "1.1.0"
  resolved "https://registry.yarnpkg.com/@workpop/simple-logger/-/simple-logger-1.1.0.tgz#712289773e6d75e445f2a4ec36dab906c9fcf10c"
  dependencies:
    lodash "^4.17.4"
    moment "^2.18.1"

babel-runtime@6.x.x:
  version "6.26.0"
  resolved "https://registry.yarnpkg.com/babel-runtime/-/babel-runtime-6.26.0.tgz#965c7058668e82b55d7bfe04ff2337bc8b5647fe"
  dependencies:
    core-js "^2.4.0"
    regenerator-runtime "^0.11.0"

core-js@^2.4.0:
  version "2.5.1"
  resolved "https://registry.yarnpkg.com/core-js/-/core-js-2.5.1.tgz#ae6874dc66937789b80754ff5428df66819ca50b"

influx@^5.0.7:
  version "5.0.7"
  resolved "https://registry.yarnpkg.com/influx/-/influx-5.0.7.tgz#35e65f6bf13cbaa1763108b5596a806a727a529a"

lodash@^4.17.4:
  version "4.17.4"
  resolved "https://registry.yarnpkg.com/lodash/-/lodash-4.17.4.tgz#78203a4d1c328ae1d86dca6460e369b57f4055ae"

moment@^2.18.1:
  version "2.19.3"
  resolved "https://registry.yarnpkg.com/moment/-/moment-2.19.3.tgz#bdb99d270d6d7fda78cc0fbace855e27fe7da69f"

regenerator-runtime@^0.11.0:
  version "0.11.0"
  resolved "https://registry.yarnpkg.com/regenerator-runtime/-/regenerator-runtime-0.11.0.tgz#7e54fe5b5ccd5d6624ea6255c3473be090b802e1"
