# THIS IS AN AUTOGENERATED FILE. DO NOT EDIT THIS FILE DIRECTLY.
# yarn lockfile v1


"@workpop/graphql-metrics@0.3.12":
  version "0.3.12"
  resolved "https://registry.yarnpkg.com/@workpop/graphql-metrics/-/graphql-metrics-0.3.12.tgz#acc8920ae87667322bb097ba2bf8158c56a95758"
  dependencies:
    "@workpop/simple-logger" "^1.1.0"

"@workpop/simple-logger@^1.1.0":
  version "1.2.0"
  resolved "https://registry.yarnpkg.com/@workpop/simple-logger/-/simple-logger-1.2.0.tgz#b677cb20fab82f13dcdd5e3c9fc7f63d1dc8ac10"
  dependencies:
    lodash "^4.17.4"
    moment "^2.18.1"

lodash@^4.17.4:
  version "4.17.5"
  resolved "https://registry.yarnpkg.com/lodash/-/lodash-4.17.5.tgz#99a92d65c0272debe8c96b6057bc8fbfa3bed511"

moment@^2.18.1:
  version "2.22.1"
  resolved "https://registry.yarnpkg.com/moment/-/moment-2.22.1.tgz#529a2e9bf973f259c9643d237fda84de3a26e8ad"
