# THIS IS AN AUTOGENERATED FILE. DO NOT EDIT THIS FILE DIRECTLY.
# yarn lockfile v1


"@workpop/graphql-metrics@^0.3.6":
  version "0.3.6"
  resolved "https://registry.yarnpkg.com/@workpop/graphql-metrics/-/graphql-metrics-0.3.6.tgz#9f2fdecb6ed924acf26227f6ad7a9ba6a24ab419"
  dependencies:
    "@workpop/simple-logger" "^1.1.0"

"@workpop/simple-logger@^1.1.0":
  version "1.1.0"
  resolved "https://registry.yarnpkg.com/@workpop/simple-logger/-/simple-logger-1.1.0.tgz#712289773e6d75e445f2a4ec36dab906c9fcf10c"
  dependencies:
    lodash "^4.17.4"
    moment "^2.18.1"

lodash@^4.17.4:
  version "4.17.4"
  resolved "https://registry.yarnpkg.com/lodash/-/lodash-4.17.4.tgz#78203a4d1c328ae1d86dca6460e369b57f4055ae"

moment@^2.18.1:
  version "2.19.3"
  resolved "https://registry.yarnpkg.com/moment/-/moment-2.19.3.tgz#bdb99d270d6d7fda78cc0fbace855e27fe7da69f"
